// !$*UTF8*$!
{
	archiveVersion = 1;
	classes = {
	};
	objectVersion = 77;
	objects = {

/* Begin PBXBuildFile section */
		77477DE62E42398D00653F05 /* IQKeyboardManagerSwift in Frameworks */ = {isa = PBXBuildFile; productRef = 77477DE52E42398D00653F05 /* IQKeyboardManagerSwift */; };
		7763B9ED2E5E052B0083408E /* SideMenu in Frameworks */ = {isa = PBXBuildFile; productRef = 7763B9EC2E5E052B0083408E /* SideMenu */; };
/* End PBXBuildFile section */

/* Begin PBXContainerItemProxy section */
		77477DA62E42374300653F05 /* PBXContainerItemProxy */ = {
			isa = PBXContainerItemProxy;
			containerPortal = 77477D842E42374200653F05 /* Project object */;
			proxyType = 1;
			remoteGlobalIDString = 77477D8B2E42374200653F05;
			remoteInfo = BaseiOSApp;
		};
		77477DB02E42374300653F05 /* PBXContainerItemProxy */ = {
			isa = PBXContainerItemProxy;
			containerPortal = 77477D842E42374200653F05 /* Project object */;
			proxyType = 1;
			remoteGlobalIDString = 77477D8B2E42374200653F05;
			remoteInfo = BaseiOSApp;
		};
/* End PBXContainerItemProxy section */

/* Begin PBXFileReference section */
		77477D8C2E42374200653F05 /* BaseiOSApp.app */ = {isa = PBXFileReference; explicitFileType = wrapper.application; includeInIndex = 0; path = BaseiOSApp.app; sourceTree = BUILT_PRODUCTS_DIR; };
		77477DA52E42374300653F05 /* BaseiOSAppTests.xctest */ = {isa = PBXFileReference; explicitFileType = wrapper.cfbundle; includeInIndex = 0; path = BaseiOSAppTests.xctest; sourceTree = BUILT_PRODUCTS_DIR; };
		77477DAF2E42374300653F05 /* BaseiOSAppUITests.xctest */ = {isa = PBXFileReference; explicitFileType = wrapper.cfbundle; includeInIndex = 0; path = BaseiOSAppUITests.xctest; sourceTree = BUILT_PRODUCTS_DIR; };
/* End PBXFileReference section */

/* Begin PBXFileSystemSynchronizedBuildFileExceptionSet section */
		77477DB72E42374300653F05 /* Exceptions for "BaseiOSApp" folder in "BaseiOSApp" target */ = {
			isa = PBXFileSystemSynchronizedBuildFileExceptionSet;
			membershipExceptions = (
				Info.plist,
			);
			target = 77477D8B2E42374200653F05 /* BaseiOSApp */;
		};
/* End PBXFileSystemSynchronizedBuildFileExceptionSet section */

/* Begin PBXFileSystemSynchronizedRootGroup section */
		77477D8E2E42374200653F05 /* BaseiOSApp */ = {
			isa = PBXFileSystemSynchronizedRootGroup;
			exceptions = (
				77477DB72E42374300653F05 /* Exceptions for "BaseiOSApp" folder in "BaseiOSApp" target */,
			);
			path = BaseiOSApp;
			sourceTree = "<group>";
		};
		77477DA82E42374300653F05 /* BaseiOSAppTests */ = {
			isa = PBXFileSystemSynchronizedRootGroup;
			path = BaseiOSAppTests;
			sourceTree = "<group>";
		};
		77477DB22E42374300653F05 /* BaseiOSAppUITests */ = {
			isa = PBXFileSystemSynchronizedRootGroup;
			path = BaseiOSAppUITests;
			sourceTree = "<group>";
		};
/* End PBXFileSystemSynchronizedRootGroup section */

/* Begin PBXFrameworksBuildPhase section */
		77477D892E42374200653F05 /* Frameworks */ = {
			isa = PBXFrameworksBuildPhase;
			buildActionMask = 2147483647;
			files = (
				7763B9ED2E5E052B0083408E /* SideMenu in Frameworks */,
				77477DE62E42398D00653F05 /* IQKeyboardManagerSwift in Frameworks */,
			);
			runOnlyForDeploymentPostprocessing = 0;
		};
		77477DA22E42374300653F05 /* Frameworks */ = {
			isa = PBXFrameworksBuildPhase;
			buildActionMask = 2147483647;
			files = (
			);
			runOnlyForDeploymentPostprocessing = 0;
		};
		77477DAC2E42374300653F05 /* Frameworks */ = {
			isa = PBXFrameworksBuildPhase;
			buildActionMask = 2147483647;
			files = (
			);
			runOnlyForDeploymentPostprocessing = 0;
		};
/* End PBXFrameworksBuildPhase section */

/* Begin PBXGroup section */
		77477D832E42374200653F05 = {
			isa = PBXGroup;
			children = (
				77477D8E2E42374200653F05 /* BaseiOSApp */,
				77477DA82E42374300653F05 /* BaseiOSAppTests */,
				77477DB22E42374300653F05 /* BaseiOSAppUITests */,
				77477D8D2E42374200653F05 /* Products */,
			);
			sourceTree = "<group>";
		};
		77477D8D2E42374200653F05 /* Products */ = {
			isa = PBXGroup;
			children = (
				77477D8C2E42374200653F05 /* BaseiOSApp.app */,
				77477DA52E42374300653F05 /* BaseiOSAppTests.xctest */,
				77477DAF2E42374300653F05 /* BaseiOSAppUITests.xctest */,
			);
			name = Products;
			sourceTree = "<group>";
		};
/* End PBXGroup section */

/* Begin PBXNativeTarget section */
		77477D8B2E42374200653F05 /* BaseiOSApp */ = {
			isa = PBXNativeTarget;
			buildConfigurationList = 77477DB82E42374300653F05 /* Build configuration list for PBXNativeTarget "BaseiOSApp" */;
			buildPhases = (
				77477D882E42374200653F05 /* Sources */,
				77477D892E42374200653F05 /* Frameworks */,
				77477D8A2E42374200653F05 /* Resources */,
			);
			buildRules = (
			);
			dependencies = (
			);
			fileSystemSynchronizedGroups = (
				77477D8E2E42374200653F05 /* BaseiOSApp */,
			);
			name = BaseiOSApp;
			packageProductDependencies = (
				77477DE52E42398D00653F05 /* IQKeyboardManagerSwift */,
				7763B9EC2E5E052B0083408E /* SideMenu */,
			);
			productName = BaseiOSApp;
			productReference = 77477D8C2E42374200653F05 /* BaseiOSApp.app */;
			productType = "com.apple.product-type.application";
		};
		77477DA42E42374300653F05 /* BaseiOSAppTests */ = {
			isa = PBXNativeTarget;
			buildConfigurationList = 77477DBD2E42374300653F05 /* Build configuration list for PBXNativeTarget "BaseiOSAppTests" */;
			buildPhases = (
				77477DA12E42374300653F05 /* Sources */,
				77477DA22E42374300653F05 /* Frameworks */,
				77477DA32E42374300653F05 /* Resources */,
			);
			buildRules = (
			);
			dependencies = (
				77477DA72E42374300653F05 /* PBXTargetDependency */,
			);
			fileSystemSynchronizedGroups = (
				77477DA82E42374300653F05 /* BaseiOSAppTests */,
			);
			name = BaseiOSAppTests;
			packageProductDependencies = (
			);
			productName = BaseiOSAppTests;
			productReference = 77477DA52E42374300653F05 /* BaseiOSAppTests.xctest */;
			productType = "com.apple.product-type.bundle.unit-test";
		};
		77477DAE2E42374300653F05 /* BaseiOSAppUITests */ = {
			isa = PBXNativeTarget;
			buildConfigurationList = 77477DC02E42374300653F05 /* Build configuration list for PBXNativeTarget "BaseiOSAppUITests" */;
			buildPhases = (
				77477DAB2E42374300653F05 /* Sources */,
				77477DAC2E42374300653F05 /* Frameworks */,
				77477DAD2E42374300653F05 /* Resources */,
			);
			buildRules = (
			);
			dependencies = (
				77477DB12E42374300653F05 /* PBXTargetDependency */,
			);
			fileSystemSynchronizedGroups = (
				77477DB22E42374300653F05 /* BaseiOSAppUITests */,
			);
			name = BaseiOSAppUITests;
			packageProductDependencies = (
			);
			productName = BaseiOSAppUITests;
			productReference = 77477DAF2E42374300653F05 /* BaseiOSAppUITests.xctest */;
			productType = "com.apple.product-type.bundle.ui-testing";
		};
/* End PBXNativeTarget section */

/* Begin PBXProject section */
		77477D842E42374200653F05 /* Project object */ = {
			isa = PBXProject;
			attributes = {
				BuildIndependentTargetsInParallel = 1;
				LastSwiftUpdateCheck = 1610;
				LastUpgradeCheck = 1610;
				TargetAttributes = {
					77477D8B2E42374200653F05 = {
						CreatedOnToolsVersion = 16.1;
					};
					77477DA42E42374300653F05 = {
						CreatedOnToolsVersion = 16.1;
						TestTargetID = 77477D8B2E42374200653F05;
					};
					77477DAE2E42374300653F05 = {
						CreatedOnToolsVersion = 16.1;
						TestTargetID = 77477D8B2E42374200653F05;
					};
				};
			};
			buildConfigurationList = 77477D872E42374200653F05 /* Build configuration list for PBXProject "BaseiOSApp" */;
			developmentRegion = en;
			hasScannedForEncodings = 0;
			knownRegions = (
				en,
				Base,
			);
			mainGroup = 77477D832E42374200653F05;
			minimizedProjectReferenceProxies = 1;
			packageReferences = (
				77477DE42E42398D00653F05 /* XCRemoteSwiftPackageReference "IQKeyboardManager" */,
				7763B9EB2E5E052B0083408E /* XCRemoteSwiftPackageReference "SideMenu" */,
			);
			preferredProjectObjectVersion = 77;
			productRefGroup = 77477D8D2E42374200653F05 /* Products */;
			projectDirPath = "";
			projectRoot = "";
			targets = (
				77477D8B2E42374200653F05 /* BaseiOSApp */,
				77477DA42E42374300653F05 /* BaseiOSAppTests */,
				77477DAE2E42374300653F05 /* BaseiOSAppUITests */,
			);
		};
/* End PBXProject section */

/* Begin PBXResourcesBuildPhase section */
		77477D8A2E42374200653F05 /* Resources */ = {
			isa = PBXResourcesBuildPhase;
			buildActionMask = 2147483647;
			files = (
			);
			runOnlyForDeploymentPostprocessing = 0;
		};
		77477DA32E42374300653F05 /* Resources */ = {
			isa = PBXResourcesBuildPhase;
			buildActionMask = 2147483647;
			files = (
			);
			runOnlyForDeploymentPostprocessing = 0;
		};
		77477DAD2E42374300653F05 /* Resources */ = {
			isa = PBXResourcesBuildPhase;
			buildActionMask = 2147483647;
			files = (
			);
			runOnlyForDeploymentPostprocessing = 0;
		};
/* End PBXResourcesBuildPhase section */

/* Begin PBXSourcesBuildPhase section */
		77477D882E42374200653F05 /* Sources */ = {
			isa = PBXSourcesBuildPhase;
			buildActionMask = 2147483647;
			files = (
			);
			runOnlyForDeploymentPostprocessing = 0;
		};
		77477DA12E42374300653F05 /* Sources */ = {
			isa = PBXSourcesBuildPhase;
			buildActionMask = 2147483647;
			files = (
			);
			runOnlyForDeploymentPostprocessing = 0;
		};
		77477DAB2E42374300653F05 /* Sources */ = {
			isa = PBXSourcesBuildPhase;
			buildActionMask = 2147483647;
			files = (
			);
			runOnlyForDeploymentPostprocessing = 0;
		};
/* End PBXSourcesBuildPhase section */

/* Begin PBXTargetDependency section */
		77477DA72E42374300653F05 /* PBXTargetDependency */ = {
			isa = PBXTargetDependency;
			target = 77477D8B2E42374200653F05 /* BaseiOSApp */;
			targetProxy = 77477DA62E42374300653F05 /* PBXContainerItemProxy */;
		};
		77477DB12E42374300653F05 /* PBXTargetDependency */ = {
			isa = PBXTargetDependency;
			target = 77477D8B2E42374200653F05 /* BaseiOSApp */;
			targetProxy = 77477DB02E42374300653F05 /* PBXContainerItemProxy */;
		};
/* End PBXTargetDependency section */

/* Begin XCBuildConfiguration section */
		77477DB92E42374300653F05 /* Debug */ = {
			isa = XCBuildConfiguration;
			buildSettings = {
				ASSETCATALOG_COMPILER_APPICON_NAME = AppIcon;
				ASSETCATALOG_COMPILER_GLOBAL_ACCENT_COLOR_NAME = AccentColor;
				CODE_SIGN_STYLE = Automatic;
				CURRENT_PROJECT_VERSION = 1;
				DEVELOPMENT_TEAM = KR438U748N;
				GENERATE_INFOPLIST_FILE = YES;
				INFOPLIST_FILE = BaseiOSApp/Info.plist;
				INFOPLIST_KEY_UIApplicationSupportsIndirectInputEvents = YES;
				INFOPLIST_KEY_UILaunchStoryboardName = LaunchScreen;
				INFOPLIST_KEY_UIMainStoryboardFile = Main;
				INFOPLIST_KEY_UISupportedInterfaceOrientations_iPad = "UIInterfaceOrientationPortrait UIInterfaceOrientationPortraitUpsideDown UIInterfaceOrientationLandscapeLeft UIInterfaceOrientationLandscapeRight";
				INFOPLIST_KEY_UISupportedInterfaceOrientations_iPhone = "UIInterfaceOrientationPortrait UIInterfaceOrientationLandscapeLeft UIInterfaceOrientationLandscapeRight";
				IPHONEOS_DEPLOYMENT_TARGET = 15;
				LD_RUNPATH_SEARCH_PATHS = (
					"$(inherited)",
					"@executable_path/Frameworks",
				);
				MARKETING_VERSION = 1.0;
				PRODUCT_BUNDLE_IDENTIFIER = com.app.BaseiOSApp;
				PRODUCT_NAME = "$(TARGET_NAME)";
				SWIFT_EMIT_LOC_STRINGS = YES;
				SWIFT_VERSION = 5.0;
				TARGETED_DEVICE_FAMILY = "1,2";
			};
			name = Debug;
		};
		77477DBA2E42374300653F05 /* Release */ = {
			isa = XCBuildConfiguration;
			buildSettings = {
				ASSETCATALOG_COMPILER_APPICON_NAME = AppIcon;
				ASSETCATALOG_COMPILER_GLOBAL_ACCENT_COLOR_NAME = AccentColor;
				CODE_SIGN_STYLE = Automatic;
				CURRENT_PROJECT_VERSION = 1;
				DEVELOPMENT_TEAM = KR438U748N;
				GENERATE_INFOPLIST_FILE = YES;
				INFOPLIST_FILE = BaseiOSApp/Info.plist;
				INFOPLIST_KEY_UIApplicationSupportsIndirectInputEvents = YES;
				INFOPLIST_KEY_UILaunchStoryboardName = LaunchScreen;
				INFOPLIST_KEY_UIMainStoryboardFile = Main;
				INFOPLIST_KEY_UISupportedInterfaceOrientations_iPad = "UIInterfaceOrientationPortrait UIInterfaceOrientationPortraitUpsideDown UIInterfaceOrientationLandscapeLeft UIInterfaceOrientationLandscapeRight";
				INFOPLIST_KEY_UISupportedInterfaceOrientations_iPhone = "UIInterfaceOrientationPortrait UIInterfaceOrientationLandscapeLeft UIInterfaceOrientationLandscapeRight";
				IPHONEOS_DEPLOYMENT_TARGET = 15;
				LD_RUNPATH_SEARCH_PATHS = (
					"$(inherited)",
					"@executable_path/Frameworks",
				);
				MARKETING_VERSION = 1.0;
				PRODUCT_BUNDLE_IDENTIFIER = com.app.BaseiOSApp;
				PRODUCT_NAME = "$(TARGET_NAME)";
				SWIFT_EMIT_LOC_STRINGS = YES;
				SWIFT_VERSION = 5.0;
				TARGETED_DEVICE_FAMILY = "1,2";
			};
			name = Release;
		};
		77477DBB2E42374300653F05 /* Debug */ = {
			isa = XCBuildConfiguration;
			buildSettings = {
				ALWAYS_SEARCH_USER_PATHS = NO;
				ASSETCATALOG_COMPILER_GENERATE_SWIFT_ASSET_SYMBOL_EXTENSIONS = YES;
				CLANG_ANALYZER_NONNULL = YES;
				CLANG_ANALYZER_NUMBER_OBJECT_CONVERSION = YES_AGGRESSIVE;
				CLANG_CXX_LANGUAGE_STANDARD = "gnu++20";
				CLANG_ENABLE_MODULES = YES;
				CLANG_ENABLE_OBJC_ARC = YES;
				CLANG_ENABLE_OBJC_WEAK = YES;
				CLANG_WARN_BLOCK_CAPTURE_AUTORELEASING = YES;
				CLANG_WARN_BOOL_CONVERSION = YES;
				CLANG_WARN_COMMA = YES;
				CLANG_WARN_CONSTANT_CONVERSION = YES;
				CLANG_WARN_DEPRECATED_OBJC_IMPLEMENTATIONS = YES;
				CLANG_WARN_DIRECT_OBJC_ISA_USAGE = YES_ERROR;
				CLANG_WARN_DOCUMENTATION_COMMENTS = YES;
				CLANG_WARN_EMPTY_BODY = YES;
				CLANG_WARN_ENUM_CONVERSION = YES;
				CLANG_WARN_INFINITE_RECURSION = YES;
				CLANG_WARN_INT_CONVERSION = YES;
				CLANG_WARN_NON_LITERAL_NULL_CONVERSION = YES;
				CLANG_WARN_OBJC_IMPLICIT_RETAIN_SELF = YES;
				CLANG_WARN_OBJC_LITERAL_CONVERSION = YES;
				CLANG_WARN_OBJC_ROOT_CLASS = YES_ERROR;
				CLANG_WARN_QUOTED_INCLUDE_IN_FRAMEWORK_HEADER = YES;
				CLANG_WARN_RANGE_LOOP_ANALYSIS = YES;
				CLANG_WARN_STRICT_PROTOTYPES = YES;
				CLANG_WARN_SUSPICIOUS_MOVE = YES;
				CLANG_WARN_UNGUARDED_AVAILABILITY = YES_AGGRESSIVE;
				CLANG_WARN_UNREACHABLE_CODE = YES;
				CLANG_WARN__DUPLICATE_METHOD_MATCH = YES;
				COPY_PHASE_STRIP = NO;
				DEBUG_INFORMATION_FORMAT = dwarf;
				ENABLE_STRICT_OBJC_MSGSEND = YES;
				ENABLE_TESTABILITY = YES;
				ENABLE_USER_SCRIPT_SANDBOXING = YES;
				GCC_C_LANGUAGE_STANDARD = gnu17;
				GCC_DYNAMIC_NO_PIC = NO;
				GCC_NO_COMMON_BLOCKS = YES;
				GCC_OPTIMIZATION_LEVEL = 0;
				GCC_PREPROCESSOR_DEFINITIONS = (
					"DEBUG=1",
					"$(inherited)",
				);
				GCC_WARN_64_TO_32_BIT_CONVERSION = YES;
				GCC_WARN_ABOUT_RETURN_TYPE = YES_ERROR;
				GCC_WARN_UNDECLARED_SELECTOR = YES;
				GCC_WARN_UNINITIALIZED_AUTOS = YES_AGGRESSIVE;
				GCC_WARN_UNUSED_FUNCTION = YES;
				GCC_WARN_UNUSED_VARIABLE = YES;
				IPHONEOS_DEPLOYMENT_TARGET = 18.1;
				LOCALIZATION_PREFERS_STRING_CATALOGS = YES;
				MTL_ENABLE_DEBUG_INFO = INCLUDE_SOURCE;
				MTL_FAST_MATH = YES;
				ONLY_ACTIVE_ARCH = YES;
				SDKROOT = iphoneos;
				SWIFT_ACTIVE_COMPILATION_CONDITIONS = "DEBUG $(inherited)";
				SWIFT_OPTIMIZATION_LEVEL = "-Onone";
			};
			name = Debug;
		};
		77477DBC2E42374300653F05 /* Release */ = {
			isa = XCBuildConfiguration;
			buildSettings = {
				ALWAYS_SEARCH_USER_PATHS = NO;
				ASSETCATALOG_COMPILER_GENERATE_SWIFT_ASSET_SYMBOL_EXTENSIONS = YES;
				CLANG_ANALYZER_NONNULL = YES;
				CLANG_ANALYZER_NUMBER_OBJECT_CONVERSION = YES_AGGRESSIVE;
				CLANG_CXX_LANGUAGE_STANDARD = "gnu++20";
				CLANG_ENABLE_MODULES = YES;
				CLANG_ENABLE_OBJC_ARC = YES;
				CLANG_ENABLE_OBJC_WEAK = YES;
				CLANG_WARN_BLOCK_CAPTURE_AUTORELEASING = YES;
				CLANG_WARN_BOOL_CONVERSION = YES;
				CLANG_WARN_COMMA = YES;
				CLANG_WARN_CONSTANT_CONVERSION = YES;
				CLANG_WARN_DEPRECATED_OBJC_IMPLEMENTATIONS = YES;
				CLANG_WARN_DIRECT_OBJC_ISA_USAGE = YES_ERROR;
				CLANG_WARN_DOCUMENTATION_COMMENTS = YES;
				CLANG_WARN_EMPTY_BODY = YES;
				CLANG_WARN_ENUM_CONVERSION = YES;
				CLANG_WARN_INFINITE_RECURSION = YES;
				CLANG_WARN_INT_CONVERSION = YES;
				CLANG_WARN_NON_LITERAL_NULL_CONVERSION = YES;
				CLANG_WARN_OBJC_IMPLICIT_RETAIN_SELF = YES;
				CLANG_WARN_OBJC_LITERAL_CONVERSION = YES;
				CLANG_WARN_OBJC_ROOT_CLASS = YES_ERROR;
				CLANG_WARN_QUOTED_INCLUDE_IN_FRAMEWORK_HEADER = YES;
				CLANG_WARN_RANGE_LOOP_ANALYSIS = YES;
				CLANG_WARN_STRICT_PROTOTYPES = YES;
				CLANG_WARN_SUSPICIOUS_MOVE = YES;
				CLANG_WARN_UNGUARDED_AVAILABILITY = YES_AGGRESSIVE;
				CLANG_WARN_UNREACHABLE_CODE = YES;
				CLANG_WARN__DUPLICATE_METHOD_MATCH = YES;
				COPY_PHASE_STRIP = NO;
				DEBUG_INFORMATION_FORMAT = "dwarf-with-dsym";
				ENABLE_NS_ASSERTIONS = NO;
				ENABLE_STRICT_OBJC_MSGSEND = YES;
				ENABLE_USER_SCRIPT_SANDBOXING = YES;
				GCC_C_LANGUAGE_STANDARD = gnu17;
				GCC_NO_COMMON_BLOCKS = YES;
				GCC_WARN_64_TO_32_BIT_CONVERSION = YES;
				GCC_WARN_ABOUT_RETURN_TYPE = YES_ERROR;
				GCC_WARN_UNDECLARED_SELECTOR = YES;
				GCC_WARN_UNINITIALIZED_AUTOS = YES_AGGRESSIVE;
				GCC_WARN_UNUSED_FUNCTION = YES;
				GCC_WARN_UNUSED_VARIABLE = YES;
				IPHONEOS_DEPLOYMENT_TARGET = 18.1;
				LOCALIZATION_PREFERS_STRING_CATALOGS = YES;
				MTL_ENABLE_DEBUG_INFO = NO;
				MTL_FAST_MATH = YES;
				SDKROOT = iphoneos;
				SWIFT_COMPILATION_MODE = wholemodule;
				VALIDATE_PRODUCT = YES;
			};
			name = Release;
		};
		77477DBE2E42374300653F05 /* Debug */ = {
			isa = XCBuildConfiguration;
			buildSettings = {
				BUNDLE_LOADER = "$(TEST_HOST)";
				CODE_SIGN_STYLE = Automatic;
				CURRENT_PROJECT_VERSION = 1;
				DEVELOPMENT_TEAM = KR438U748N;
				GENERATE_INFOPLIST_FILE = YES;
				IPHONEOS_DEPLOYMENT_TARGET = 18.1;
				MARKETING_VERSION = 1.0;
				PRODUCT_BUNDLE_IDENTIFIER = com.app.BaseiOSAppTests;
				PRODUCT_NAME = "$(TARGET_NAME)";
				SWIFT_EMIT_LOC_STRINGS = NO;
				SWIFT_VERSION = 5.0;
				TARGETED_DEVICE_FAMILY = "1,2";
				TEST_HOST = "$(BUILT_PRODUCTS_DIR)/BaseiOSApp.app/$(BUNDLE_EXECUTABLE_FOLDER_PATH)/BaseiOSApp";
			};
			name = Debug;
		};
		77477DBF2E42374300653F05 /* Release */ = {
			isa = XCBuildConfiguration;
			buildSettings = {
				BUNDLE_LOADER = "$(TEST_HOST)";
				CODE_SIGN_STYLE = Automatic;
				CURRENT_PROJECT_VERSION = 1;
				DEVELOPMENT_TEAM = KR438U748N;
				GENERATE_INFOPLIST_FILE = YES;
				IPHONEOS_DEPLOYMENT_TARGET = 18.1;
				MARKETING_VERSION = 1.0;
				PRODUCT_BUNDLE_IDENTIFIER = com.app.BaseiOSAppTests;
				PRODUCT_NAME = "$(TARGET_NAME)";
				SWIFT_EMIT_LOC_STRINGS = NO;
				SWIFT_VERSION = 5.0;
				TARGETED_DEVICE_FAMILY = "1,2";
				TEST_HOST = "$(BUILT_PRODUCTS_DIR)/BaseiOSApp.app/$(BUNDLE_EXECUTABLE_FOLDER_PATH)/BaseiOSApp";
			};
			name = Release;
		};
		77477DC12E42374300653F05 /* Debug */ = {
			isa = XCBuildConfiguration;
			buildSettings = {
				CODE_SIGN_STYLE = Automatic;
				CURRENT_PROJECT_VERSION = 1;
				DEVELOPMENT_TEAM = KR438U748N;
				GENERATE_INFOPLIST_FILE = YES;
				MARKETING_VERSION = 1.0;
				PRODUCT_BUNDLE_IDENTIFIER = com.app.BaseiOSAppUITests;
				PRODUCT_NAME = "$(TARGET_NAME)";
				SWIFT_EMIT_LOC_STRINGS = NO;
				SWIFT_VERSION = 5.0;
				TARGETED_DEVICE_FAMILY = "1,2";
				TEST_TARGET_NAME = BaseiOSApp;
			};
			name = Debug;
		};
		77477DC22E42374300653F05 /* Release */ = {
			isa = XCBuildConfiguration;
			buildSettings = {
				CODE_SIGN_STYLE = Automatic;
				CURRENT_PROJECT_VERSION = 1;
				DEVELOPMENT_TEAM = KR438U748N;
				GENERATE_INFOPLIST_FILE = YES;
				MARKETING_VERSION = 1.0;
				PRODUCT_BUNDLE_IDENTIFIER = com.app.BaseiOSAppUITests;
				PRODUCT_NAME = "$(TARGET_NAME)";
				SWIFT_EMIT_LOC_STRINGS = NO;
				SWIFT_VERSION = 5.0;
				TARGETED_DEVICE_FAMILY = "1,2";
				TEST_TARGET_NAME = BaseiOSApp;
			};
			name = Release;
		};
/* End XCBuildConfiguration section */

/* Begin XCConfigurationList section */
		77477D872E42374200653F05 /* Build configuration list for PBXProject "BaseiOSApp" */ = {
			isa = XCConfigurationList;
			buildConfigurations = (
				77477DBB2E42374300653F05 /* Debug */,
				77477DBC2E42374300653F05 /* Release */,
			);
			defaultConfigurationIsVisible = 0;
			defaultConfigurationName = Release;
		};
		77477DB82E42374300653F05 /* Build configuration list for PBXNativeTarget "BaseiOSApp" */ = {
			isa = XCConfigurationList;
			buildConfigurations = (
				77477DB92E42374300653F05 /* Debug */,
				77477DBA2E42374300653F05 /* Release */,
			);
			defaultConfigurationIsVisible = 0;
			defaultConfigurationName = Release;
		};
		77477DBD2E42374300653F05 /* Build configuration list for PBXNativeTarget "BaseiOSAppTests" */ = {
			isa = XCConfigurationList;
			buildConfigurations = (
				77477DBE2E42374300653F05 /* Debug */,
				77477DBF2E42374300653F05 /* Release */,
			);
			defaultConfigurationIsVisible = 0;
			defaultConfigurationName = Release;
		};
		77477DC02E42374300653F05 /* Build configuration list for PBXNativeTarget "BaseiOSAppUITests" */ = {
			isa = XCConfigurationList;
			buildConfigurations = (
				77477DC12E42374300653F05 /* Debug */,
				77477DC22E42374300653F05 /* Release */,
			);
			defaultConfigurationIsVisible = 0;
			defaultConfigurationName = Release;
		};
/* End XCConfigurationList section */

/* Begin XCRemoteSwiftPackageReference section */
		77477DE42E42398D00653F05 /* XCRemoteSwiftPackageReference "IQKeyboardManager" */ = {
			isa = XCRemoteSwiftPackageReference;
			repositoryURL = "https://github.com/hackiftekhar/IQKeyboardManager";
			requirement = {
				kind = upToNextMajorVersion;
				minimumVersion = 7.0.3;
			};
		};
		7763B9EB2E5E052B0083408E /* XCRemoteSwiftPackageReference "SideMenu" */ = {
			isa = XCRemoteSwiftPackageReference;
			repositoryURL = "https://github.com/jonkykong/SideMenu";
			requirement = {
				kind = upToNextMajorVersion;
				minimumVersion = 6.5.0;
			};
		};
/* End XCRemoteSwiftPackageReference section */

/* Begin XCSwiftPackageProductDependency section */
		77477DE52E42398D00653F05 /* IQKeyboardManagerSwift */ = {
			isa = XCSwiftPackageProductDependency;
			package = 77477DE42E42398D00653F05 /* XCRemoteSwiftPackageReference "IQKeyboardManager" */;
			productName = IQKeyboardManagerSwift;
		};
		7763B9EC2E5E052B0083408E /* SideMenu */ = {
			isa = XCSwiftPackageProductDependency;
			package = 7763B9EB2E5E052B0083408E /* XCRemoteSwiftPackageReference "SideMenu" */;
			productName = SideMenu;
		};
/* End XCSwiftPackageProductDependency section */
	};
	rootObject = 77477D842E42374200653F05 /* Project object */;
}
